
Microsoft Visual Studio Solution File, Format Version 12.00
# Visual Studio Version 17
VisualStudioVersion = 17.0.31903.59
MinimumVisualStudioVersion = 10.0.40219.1
Project("{2150E333-8FDC-42A3-9474-1A3956D46DE8}") = "src", "src", "{827E0CD3-B72D-47B6-A68D-7590B98EB39B}"
EndProject
Project("{FAE04EC0-301F-11D3-BF4B-00C04F79EFBC}") = "WexCurrencyConverter.Api", "src\WexCurrencyConverter.Api\WexCurrencyConverter.Api.csproj", "{44789F22-2853-46CF-A53F-86BA508D75F5}"
EndProject
Project("{FAE04EC0-301F-11D3-BF4B-00C04F79EFBC}") = "WexCurrencyConverter.Application", "src\WexCurrencyConverter.Application\WexCurrencyConverter.Application.csproj", "{9ED748BA-183D-442B-B609-E68E2FBDAA95}"
EndProject
Project("{FAE04EC0-301F-11D3-BF4B-00C04F79EFBC}") = "WexCurrencyConverter.Domain", "src\WexCurrencyConverter.Domain\WexCurrencyConverter.Domain.csproj", "{7506F541-3CA6-4490-91C2-B2318885CFBA}"
EndProject
Project("{FAE04EC0-301F-11D3-BF4B-00C04F79EFBC}") = "WexCurrencyConverter.Infrastructure", "src\WexCurrencyConverter.Infrastructure\WexCurrencyConverter.Infrastructure.csproj", "{12F1425D-5FEE-4B2A-BAB5-5F278543446C}"
EndProject
Project("{2150E333-8FDC-42A3-9474-1A3956D46DE8}") = "tests", "tests", "{0AB3BF05-4346-4AA6-1389-037BE0695223}"
EndProject
Project("{FAE04EC0-301F-11D3-BF4B-00C04F79EFBC}") = "WexCurrencyConverter.UnitTests", "tests\WexCurrencyConverter.UnitTests\WexCurrencyConverter.UnitTests.csproj", "{50FD0BFE-0416-469B-A1F7-314F58E21236}"
EndProject
Project("{FAE04EC0-301F-11D3-BF4B-00C04F79EFBC}") = "WexCurrencyConverter.IntegrationTests", "tests\WexCurrencyConverter.IntegrationTests\WexCurrencyConverter.IntegrationTests.csproj", "{36B7B66C-58F3-4E5C-9DFA-B02D66C2FC14}"
EndProject
Global
	GlobalSection(SolutionConfigurationPlatforms) = preSolution
		Debug|Any CPU = Debug|Any CPU
		Debug|x64 = Debug|x64
		Debug|x86 = Debug|x86
		Release|Any CPU = Release|Any CPU
		Release|x64 = Release|x64
		Release|x86 = Release|x86
	EndGlobalSection
	GlobalSection(ProjectConfigurationPlatforms) = postSolution
		{44789F22-2853-46CF-A53F-86BA508D75F5}.Debug|Any CPU.ActiveCfg = Debug|Any CPU
		{44789F22-2853-46CF-A53F-86BA508D75F5}.Debug|Any CPU.Build.0 = Debug|Any CPU
		{44789F22-2853-46CF-A53F-86BA508D75F5}.Debug|x64.ActiveCfg = Debug|Any CPU
		{44789F22-2853-46CF-A53F-86BA508D75F5}.Debug|x64.Build.0 = Debug|Any CPU
		{44789F22-2853-46CF-A53F-86BA508D75F5}.Debug|x86.ActiveCfg = Debug|Any CPU
		{44789F22-2853-46CF-A53F-86BA508D75F5}.Debug|x86.Build.0 = Debug|Any CPU
		{44789F22-2853-46CF-A53F-86BA508D75F5}.Release|Any CPU.ActiveCfg = Release|Any CPU
		{44789F22-2853-46CF-A53F-86BA508D75F5}.Release|Any CPU.Build.0 = Release|Any CPU
		{44789F22-2853-46CF-A53F-86BA508D75F5}.Release|x64.ActiveCfg = Release|Any CPU
		{44789F22-2853-46CF-A53F-86BA508D75F5}.Release|x64.Build.0 = Release|Any CPU
		{44789F22-2853-46CF-A53F-86BA508D75F5}.Release|x86.ActiveCfg = Release|Any CPU
		{44789F22-2853-46CF-A53F-86BA508D75F5}.Release|x86.Build.0 = Release|Any CPU
		{9ED748BA-183D-442B-B609-E68E2FBDAA95}.Debug|Any CPU.ActiveCfg = Debug|Any CPU
		{9ED748BA-183D-442B-B609-E68E2FBDAA95}.Debug|Any CPU.Build.0 = Debug|Any CPU
		{9ED748BA-183D-442B-B609-E68E2FBDAA95}.Debug|x64.ActiveCfg = Debug|Any CPU
		{9ED748BA-183D-442B-B609-E68E2FBDAA95}.Debug|x64.Build.0 = Debug|Any CPU
		{9ED748BA-183D-442B-B609-E68E2FBDAA95}.Debug|x86.ActiveCfg = Debug|Any CPU
		{9ED748BA-183D-442B-B609-E68E2FBDAA95}.Debug|x86.Build.0 = Debug|Any CPU
		{9ED748BA-183D-442B-B609-E68E2FBDAA95}.Release|Any CPU.ActiveCfg = Release|Any CPU
		{9ED748BA-183D-442B-B609-E68E2FBDAA95}.Release|Any CPU.Build.0 = Release|Any CPU
		{9ED748BA-183D-442B-B609-E68E2FBDAA95}.Release|x64.ActiveCfg = Release|Any CPU
		{9ED748BA-183D-442B-B609-E68E2FBDAA95}.Release|x64.Build.0 = Release|Any CPU
		{9ED748BA-183D-442B-B609-E68E2FBDAA95}.Release|x86.ActiveCfg = Release|Any CPU
		{9ED748BA-183D-442B-B609-E68E2FBDAA95}.Release|x86.Build.0 = Release|Any CPU
		{7506F541-3CA6-4490-91C2-B2318885CFBA}.Debug|Any CPU.ActiveCfg = Debug|Any CPU
		{7506F541-3CA6-4490-91C2-B2318885CFBA}.Debug|Any CPU.Build.0 = Debug|Any CPU
		{7506F541-3CA6-4490-91C2-B2318885CFBA}.Debug|x64.ActiveCfg = Debug|Any CPU
		{7506F541-3CA6-4490-91C2-B2318885CFBA}.Debug|x64.Build.0 = Debug|Any CPU
		{7506F541-3CA6-4490-91C2-B2318885CFBA}.Debug|x86.ActiveCfg = Debug|Any CPU
		{7506F541-3CA6-4490-91C2-B2318885CFBA}.Debug|x86.Build.0 = Debug|Any CPU
		{7506F541-3CA6-4490-91C2-B2318885CFBA}.Release|Any CPU.ActiveCfg = Release|Any CPU
		{7506F541-3CA6-4490-91C2-B2318885CFBA}.Release|Any CPU.Build.0 = Release|Any CPU
		{7506F541-3CA6-4490-91C2-B2318885CFBA}.Release|x64.ActiveCfg = Release|Any CPU
		{7506F541-3CA6-4490-91C2-B2318885CFBA}.Release|x64.Build.0 = Release|Any CPU
		{7506F541-3CA6-4490-91C2-B2318885CFBA}.Release|x86.ActiveCfg = Release|Any CPU
		{7506F541-3CA6-4490-91C2-B2318885CFBA}.Release|x86.Build.0 = Release|Any CPU
		{12F1425D-5FEE-4B2A-BAB5-5F278543446C}.Debug|Any CPU.ActiveCfg = Debug|Any CPU
		{12F1425D-5FEE-4B2A-BAB5-5F278543446C}.Debug|Any CPU.Build.0 = Debug|Any CPU
		{12F1425D-5FEE-4B2A-BAB5-5F278543446C}.Debug|x64.ActiveCfg = Debug|Any CPU
		{12F1425D-5FEE-4B2A-BAB5-5F278543446C}.Debug|x64.Build.0 = Debug|Any CPU
		{12F1425D-5FEE-4B2A-BAB5-5F278543446C}.Debug|x86.ActiveCfg = Debug|Any CPU
		{12F1425D-5FEE-4B2A-BAB5-5F278543446C}.Debug|x86.Build.0 = Debug|Any CPU
		{12F1425D-5FEE-4B2A-BAB5-5F278543446C}.Release|Any CPU.ActiveCfg = Release|Any CPU
		{12F1425D-5FEE-4B2A-BAB5-5F278543446C}.Release|Any CPU.Build.0 = Release|Any CPU
		{12F1425D-5FEE-4B2A-BAB5-5F278543446C}.Release|x64.ActiveCfg = Release|Any CPU
		{12F1425D-5FEE-4B2A-BAB5-5F278543446C}.Release|x64.Build.0 = Release|Any CPU
		{12F1425D-5FEE-4B2A-BAB5-5F278543446C}.Release|x86.ActiveCfg = Release|Any CPU
		{12F1425D-5FEE-4B2A-BAB5-5F278543446C}.Release|x86.Build.0 = Release|Any CPU
		{50FD0BFE-0416-469B-A1F7-314F58E21236}.Debug|Any CPU.ActiveCfg = Debug|Any CPU
		{50FD0BFE-0416-469B-A1F7-314F58E21236}.Debug|Any CPU.Build.0 = Debug|Any CPU
		{50FD0BFE-0416-469B-A1F7-314F58E21236}.Debug|x64.ActiveCfg = Debug|Any CPU
		{50FD0BFE-0416-469B-A1F7-314F58E21236}.Debug|x64.Build.0 = Debug|Any CPU
		{50FD0BFE-0416-469B-A1F7-314F58E21236}.Debug|x86.ActiveCfg = Debug|Any CPU
		{50FD0BFE-0416-469B-A1F7-314F58E21236}.Debug|x86.Build.0 = Debug|Any CPU
		{50FD0BFE-0416-469B-A1F7-314F58E21236}.Release|Any CPU.ActiveCfg = Release|Any CPU
		{50FD0BFE-0416-469B-A1F7-314F58E21236}.Release|Any CPU.Build.0 = Release|Any CPU
		{50FD0BFE-0416-469B-A1F7-314F58E21236}.Release|x64.ActiveCfg = Release|Any CPU
		{50FD0BFE-0416-469B-A1F7-314F58E21236}.Release|x64.Build.0 = Release|Any CPU
		{50FD0BFE-0416-469B-A1F7-314F58E21236}.Release|x86.ActiveCfg = Release|Any CPU
		{50FD0BFE-0416-469B-A1F7-314F58E21236}.Release|x86.Build.0 = Release|Any CPU
		{36B7B66C-58F3-4E5C-9DFA-B02D66C2FC14}.Debug|Any CPU.ActiveCfg = Debug|Any CPU
		{36B7B66C-58F3-4E5C-9DFA-B02D66C2FC14}.Debug|Any CPU.Build.0 = Debug|Any CPU
		{36B7B66C-58F3-4E5C-9DFA-B02D66C2FC14}.Debug|x64.ActiveCfg = Debug|Any CPU
		{36B7B66C-58F3-4E5C-9DFA-B02D66C2FC14}.Debug|x64.Build.0 = Debug|Any CPU
		{36B7B66C-58F3-4E5C-9DFA-B02D66C2FC14}.Debug|x86.ActiveCfg = Debug|Any CPU
		{36B7B66C-58F3-4E5C-9DFA-B02D66C2FC14}.Debug|x86.Build.0 = Debug|Any CPU
		{36B7B66C-58F3-4E5C-9DFA-B02D66C2FC14}.Release|Any CPU.ActiveCfg = Release|Any CPU
		{36B7B66C-58F3-4E5C-9DFA-B02D66C2FC14}.Release|Any CPU.Build.0 = Release|Any CPU
		{36B7B66C-58F3-4E5C-9DFA-B02D66C2FC14}.Release|x64.ActiveCfg = Release|Any CPU
		{36B7B66C-58F3-4E5C-9DFA-B02D66C2FC14}.Release|x64.Build.0 = Release|Any CPU
		{36B7B66C-58F3-4E5C-9DFA-B02D66C2FC14}.Release|x86.ActiveCfg = Release|Any CPU
		{36B7B66C-58F3-4E5C-9DFA-B02D66C2FC14}.Release|x86.Build.0 = Release|Any CPU
	EndGlobalSection
	GlobalSection(SolutionProperties) = preSolution
		HideSolutionNode = FALSE
	EndGlobalSection
	GlobalSection(NestedProjects) = preSolution
		{44789F22-2853-46CF-A53F-86BA508D75F5} = {827E0CD3-B72D-47B6-A68D-7590B98EB39B}
		{9ED748BA-183D-442B-B609-E68E2FBDAA95} = {827E0CD3-B72D-47B6-A68D-7590B98EB39B}
		{7506F541-3CA6-4490-91C2-B2318885CFBA} = {827E0CD3-B72D-47B6-A68D-7590B98EB39B}
		{12F1425D-5FEE-4B2A-BAB5-5F278543446C} = {827E0CD3-B72D-47B6-A68D-7590B98EB39B}
		{50FD0BFE-0416-469B-A1F7-314F58E21236} = {0AB3BF05-4346-4AA6-1389-037BE0695223}
		{36B7B66C-58F3-4E5C-9DFA-B02D66C2FC14} = {0AB3BF05-4346-4AA6-1389-037BE0695223}
	EndGlobalSection
EndGlobal
